<?xml version="1.0" encoding="utf-8"?>
<Project ToolsVersion="4.0" xmlns="http://schemas.microsoft.com/developer/msbuild/2003">
  <ItemGroup>
    <Filter Include="RevokeCraft">
      <UniqueIdentifier>{21805B7A-8D35-D46F-162A-CE4682DECA73}</UniqueIdentifier>
    </Filter>
    <Filter Include="RevokeCraft\assets">
      <UniqueIdentifier>{034C7F51-EF2F-40A7-5890-3AFA44932A29}</UniqueIdentifier>
    </Filter>
    <Filter Include="RevokeCraft\assets\Scripts">
      <UniqueIdentifier>{3A86F1F3-2696-9DC4-8F4F-02E37B7E8C5D}</UniqueIdentifier>
    </Filter>
    <Filter Include="src">
      <UniqueIdentifier>{2DAB880B-99B4-887C-2230-9F7C8E38947C}</UniqueIdentifier>
    </Filter>
  </ItemGroup>
  <ItemGroup>
    <ClInclude Include="..\RevokeCraft\assets\Scripts\ScriptExample.h">
      <Filter>RevokeCraft\assets\Scripts</Filter>
    </ClInclude>
    <ClInclude Include="src\dll.h">
      <Filter>src</Filter>
    </ClInclude>
  </ItemGroup>
  <ItemGroup>
    <ClCompile Include="..\RevokeCraft\assets\Scripts\ScriptExample.cpp">
      <Filter>RevokeCraft\assets\Scripts</Filter>
    </ClCompile>
    <ClCompile Include="src\dll.cpp">
      <Filter>src</Filter>
    </ClCompile>
  </ItemGroup>
</Project>