<?xml version="1.0" encoding="utf-8"?>
<Project ToolsVersion="4.0" xmlns="http://schemas.microsoft.com/developer/msbuild/2003">
  <ItemGroup>
    <Filter Include="MyRevoke">
      <UniqueIdentifier>{775274B4-631F-CFBF-8C38-BD677864044E}</UniqueIdentifier>
    </Filter>
  </ItemGroup>
  <ItemGroup>
    <ClInclude Include="src\MyRevoke.h" />
    <ClInclude Include="src\MyRevoke\Application.h">
      <Filter>MyRevoke</Filter>
    </ClInclude>
    <ClInclude Include="src\MyRevoke\Core.h">
      <Filter>MyRevoke</Filter>
    </ClInclude>
    <ClInclude Include="src\MyRevoke\EntryPoint.h">
      <Filter>MyRevoke</Filter>
    </ClInclude>
    <ClInclude Include="src\MyRevoke\Log.h">
      <Filter>MyRevoke</Filter>
    </ClInclude>
    <ClInclude Include="src\MyRevoke\EventSystem\Event.h" />
    <ClInclude Include="src\MyRevoke\EventSystem\AppEvent.h" />
    <ClInclude Include="src\MyRevoke\EventSystem\KeyEvent.h" />
    <ClInclude Include="src\MyRevoke\EventSystem\MouseEvent.h" />
  </ItemGroup>
  <ItemGroup>
    <ClCompile Include="src\MyRevoke\Application.cpp">
      <Filter>MyRevoke</Filter>
    </ClCompile>
    <ClCompile Include="src\MyRevoke\Log.cpp">
      <Filter>MyRevoke</Filter>
    </ClCompile>
  </ItemGroup>
</Project>