<?xml version="1.0" encoding="utf-8"?>
<Project ToolsVersion="4.0" xmlns="http://schemas.microsoft.com/developer/msbuild/2003">
  <ItemGroup>
    <Filter Include="MyRevoke">
      <UniqueIdentifier>{775274B4-631F-CFBF-8C38-BD677864044E}</UniqueIdentifier>
    </Filter>
    <Filter Include="MyRevoke\EventSystem">
      <UniqueIdentifier>{AD026749-9991-F012-42B0-040E2E1E01B9}</UniqueIdentifier>
    </Filter>
    <Filter Include="MyRevoke\ImGui">
      <UniqueIdentifier>{E184449E-CD52-38A4-B6E6-A8CAA2531409}</UniqueIdentifier>
    </Filter>
    <Filter Include="MyRevoke\Platform">
      <UniqueIdentifier>{AB4408D6-175B-066C-60D2-918DCC27D7F3}</UniqueIdentifier>
    </Filter>
    <Filter Include="MyRevoke\Platform\OpenGL">
      <UniqueIdentifier>{7F9FE9EB-6BC4-386C-940F-1EFC8093378A}</UniqueIdentifier>
    </Filter>
    <Filter Include="MyRevoke\Platform\Windows">
      <UniqueIdentifier>{E56939C1-512C-6D4B-9ADC-FBD706DE4529}</UniqueIdentifier>
    </Filter>
  </ItemGroup>
  <ItemGroup>
    <ClInclude Include="src\MyRevoke.h" />
    <ClInclude Include="src\MyRevoke\Application.h">
      <Filter>MyRevoke</Filter>
    </ClInclude>
    <ClInclude Include="src\MyRevoke\Core.h">
      <Filter>MyRevoke</Filter>
    </ClInclude>
    <ClInclude Include="src\MyRevoke\EntryPoint.h">
      <Filter>MyRevoke</Filter>
    </ClInclude>
    <ClInclude Include="src\MyRevoke\EventSystem\AppEvent.h">
      <Filter>MyRevoke\EventSystem</Filter>
    </ClInclude>
    <ClInclude Include="src\MyRevoke\EventSystem\Event.h">
      <Filter>MyRevoke\EventSystem</Filter>
    </ClInclude>
    <ClInclude Include="src\MyRevoke\EventSystem\KeyEvent.h">
      <Filter>MyRevoke\EventSystem</Filter>
    </ClInclude>
    <ClInclude Include="src\MyRevoke\EventSystem\MouseEvent.h">
      <Filter>MyRevoke\EventSystem</Filter>
    </ClInclude>
    <ClInclude Include="src\MyRevoke\ImGui\ImGuiLayer.h">
      <Filter>MyRevoke\ImGui</Filter>
    </ClInclude>
    <ClInclude Include="src\MyRevoke\Layer.h">
      <Filter>MyRevoke</Filter>
    </ClInclude>
    <ClInclude Include="src\MyRevoke\LayerStack.h">
      <Filter>MyRevoke</Filter>
    </ClInclude>
    <ClInclude Include="src\MyRevoke\Log.h">
      <Filter>MyRevoke</Filter>
    </ClInclude>
    <ClInclude Include="src\MyRevoke\Platform\OpenGL\imgui_impl_glfw.h">
      <Filter>MyRevoke\Platform\OpenGL</Filter>
    </ClInclude>
    <ClInclude Include="src\MyRevoke\Platform\OpenGL\imgui_impl_opengl3.h">
      <Filter>MyRevoke\Platform\OpenGL</Filter>
    </ClInclude>
    <ClInclude Include="src\MyRevoke\Platform\OpenGL\imgui_impl_opengl3_loader.h">
      <Filter>MyRevoke\Platform\OpenGL</Filter>
    </ClInclude>
    <ClInclude Include="src\MyRevoke\Platform\Windows\WindowsWindow.h">
      <Filter>MyRevoke\Platform\Windows</Filter>
    </ClInclude>
    <ClInclude Include="src\MyRevoke\Window.h">
      <Filter>MyRevoke</Filter>
    </ClInclude>
    <ClInclude Include="src\rvpch.h" />
  </ItemGroup>
  <ItemGroup>
    <ClCompile Include="src\MyRevoke\Application.cpp">
      <Filter>MyRevoke</Filter>
    </ClCompile>
    <ClCompile Include="src\MyRevoke\ImGui\ImGuiLayer.cpp">
      <Filter>MyRevoke\ImGui</Filter>
    </ClCompile>
    <ClCompile Include="src\MyRevoke\Layer.cpp">
      <Filter>MyRevoke</Filter>
    </ClCompile>
    <ClCompile Include="src\MyRevoke\LayerStack.cpp">
      <Filter>MyRevoke</Filter>
    </ClCompile>
    <ClCompile Include="src\MyRevoke\Log.cpp">
      <Filter>MyRevoke</Filter>
    </ClCompile>
    <ClCompile Include="src\MyRevoke\Platform\OpenGL\imgui_impl_glfw.cpp">
      <Filter>MyRevoke\Platform\OpenGL</Filter>
    </ClCompile>
    <ClCompile Include="src\MyRevoke\Platform\OpenGL\imgui_impl_opengl3.cpp">
      <Filter>MyRevoke\Platform\OpenGL</Filter>
    </ClCompile>
    <ClCompile Include="src\MyRevoke\Platform\Windows\WindowsWindow.cpp">
      <Filter>MyRevoke\Platform\Windows</Filter>
    </ClCompile>
    <ClCompile Include="src\rvpch.cpp" />
  </ItemGroup>
</Project>